dependencies:
- name: common
  repository: https://bjw-s.github.io/helm-charts
  version: 1.5.1
- name: mariadb
  repository: https://charts.bitnami.com/bitnami
  version: 15.2.0
digest: sha256:11b0485f91f712bce44f445ba8974fe5e9713d1b309747411f021fe7121aa1a4
generated: "2024-01-19T11:17:02.965191395Z"
