dependencies:
- name: common
  repository: https://bjw-s.github.io/helm-charts
  version: 1.5.1
- name: postgresql
  repository: https://charts.bitnami.com/bitnami
  version: 13.4.2
- name: mariadb
  repository: https://charts.bitnami.com/bitnami
  version: 11.5.7
- name: redis
  repository: https://charts.bitnami.com/bitnami
  version: 18.6.4
digest: sha256:59c14eea49c1d0e11e554d910c3c0106427611f4a2c955d4c07d04308845b3c6
generated: "2024-01-27T05:21:30.729705827Z"
