dependencies:
- name: common
  repository: https://bjw-s.github.io/helm-charts
  version: 2.5.0
- name: postgresql
  repository: https://charts.bitnami.com/bitnami
  version: 12.12.10
- name: mariadb
  repository: https://charts.bitnami.com/bitnami
  version: 11.5.7
- name: redis
  repository: https://charts.bitnami.com/bitnami
  version: 18.6.4
digest: sha256:661cfaa5d2ba1c9e4b5ea634d5dd8e1ba3bdc3e020fb0d89d5198e7b4f4e9825
generated: "2024-01-17T19:45:53.639988813Z"
