dependencies:
- name: common
  repository: https://bjw-s.github.io/helm-charts
  version: 1.5.1
- name: postgresql
  repository: https://charts.bitnami.com/bitnami
  version: 12.12.10
- name: mariadb
  repository: https://charts.bitnami.com/bitnami
  version: 15.2.0
- name: redis
  repository: https://charts.bitnami.com/bitnami
  version: 18.6.4
digest: sha256:2527f4d82928c157688bb512a9e80b2998212c47da99bd8dc9f1256a9d9bf75e
generated: "2024-01-19T11:15:52.235545625Z"
