dependencies:
- name: common
  repository: https://bjw-s.github.io/helm-charts
  version: 1.5.1
- name: postgresql
  repository: https://charts.bitnami.com/bitnami
  version: 12.12.10
- name: mariadb
  repository: https://charts.bitnami.com/bitnami
  version: 15.2.0
digest: sha256:0c0f0f523208172bf80c17a6c9d399f4a4e93035a83cfa4690b21faed86d398d
generated: "2024-01-19T11:16:46.62349604Z"
