dependencies:
- name: common
  repository: https://bjw-s.github.io/helm-charts
  version: 1.5.1
- name: postgresql
  repository: https://charts.bitnami.com/bitnami
  version: 13.4.2
- name: mariadb
  repository: https://charts.bitnami.com/bitnami
  version: 11.5.7
digest: sha256:7df21c8b2382ba614a098842357d337c9788235462567d59217ea7183e03b274
generated: "2024-01-27T05:23:24.106434998Z"
