dependencies:
- name: common
  repository: https://bjw-s.github.io/helm-charts
  version: 2.5.0
- name: mariadb
  repository: https://charts.bitnami.com/bitnami
  version: 11.5.7
digest: sha256:6e60cab98304f6ef6b7a4e7faed948d28952180ac07e006f6c6f6365877ed097
generated: "2024-01-17T19:46:46.269595972Z"
