dependencies:
- name: common
  repository: https://bjw-s.github.io/helm-charts
  version: 2.5.0
- name: postgresql
  repository: https://charts.bitnami.com/bitnami
  version: 13.2.24
- name: mariadb
  repository: https://charts.bitnami.com/bitnami
  version: 14.1.2
digest: sha256:6f6edc7aeb02cde59cd0048e2ae206634bbcc0d82b9a0f02e87e94d2635412ca
generated: "2024-01-17T19:47:33.612510448Z"
