dependencies:
- name: common
  repository: https://bjw-s.github.io/helm-charts
  version: 1.5.1
- name: postgresql
  repository: https://charts.bitnami.com/bitnami
  version: 13.2.24
- name: mariadb
  repository: https://charts.bitnami.com/bitnami
  version: 15.2.0
digest: sha256:6c3e258b5542792101133d0c5b6c3c4adcfb0834ff874254c1661200616b2ff4
generated: "2024-01-19T11:16:27.870645458Z"
