dependencies:
- name: common
  repository: https://bjw-s.github.io/helm-charts
  version: 2.5.0
- name: mongodb
  repository: https://charts.bitnami.com/bitnami
  version: 14.5.1
digest: sha256:e946f4512a9ef6da55656edf4cda6fd5fc0b8d98dd64616cf4c37e7e31d25d3d
generated: "2024-01-17T19:46:30.090901651Z"
