dependencies:
- name: common
  repository: https://bjw-s.github.io/helm-charts
  version: 1.5.1
- name: postgresql
  repository: https://charts.bitnami.com/bitnami
  version: 13.4.2
digest: sha256:2028acf8d59264af41a650749ce3a81a081ebdadf74c0013b5055c5f8c767812
generated: "2024-01-27T05:23:00.822223409Z"
