dependencies:
- name: common
  repository: https://bjw-s.github.io/helm-charts
  version: 1.5.1
- name: mariadb
  repository: https://charts.bitnami.com/bitnami
  version: 11.5.7
- name: postgresql
  repository: https://charts.bitnami.com/bitnami
  version: 13.4.2
digest: sha256:9aad849f25dc74ec865d94fffb002ea0687de341e6534164d6094b569dadce4d
generated: "2024-01-27T05:20:50.953141673Z"
