dependencies:
- name: common
  repository: https://bjw-s.github.io/helm-charts
  version: 1.5.1
- name: mariadb
  repository: https://charts.bitnami.com/bitnami
  version: 15.2.0
- name: postgresql
  repository: https://charts.bitnami.com/bitnami
  version: 12.12.10
digest: sha256:5d78d7af8d15c1296ad9ee7d9a61c24903456e3357d74c05509a193fd646f5a1
generated: "2024-01-19T11:15:32.574085581Z"
