dependencies:
- name: common
  repository: https://bjw-s.github.io/helm-charts
  version: 2.5.0
- name: postgresql
  repository: https://charts.bitnami.com/bitnami
  version: 12.12.10
digest: sha256:28ecee1be2eeaadbfcd55d90010645b05f0b81803415aa1ea0e0c00d2d6ad461
generated: "2024-01-17T19:47:16.130337741Z"
